
Microsoft Visual Studio Solution File, Format Version 12.00
# Visual Studio Version 16
VisualStudioVersion = 16.0.32630.194
MinimumVisualStudioVersion = 10.0.40219.1
Project("{8BC9CEB8-8B4A-11D0-8D11-00A0C91BC942}") = "ArithmeticHard", "ArithmeticHard\ArithmeticHard.vcxproj", "{791D156A-675F-4B82-8642-311EB2B2FACC}"
EndProject
Global
	GlobalSection(SolutionConfigurationPlatforms) = preSolution
		Debug|x64 = Debug|x64
		Debug|x86 = Debug|x86
		Release|x64 = Release|x64
		Release|x86 = Release|x86
	EndGlobalSection
	GlobalSection(ProjectConfigurationPlatforms) = postSolution
		{791D156A-675F-4B82-8642-311EB2B2FACC}.Debug|x64.ActiveCfg = Debug|x64
		{791D156A-675F-4B82-8642-311EB2B2FACC}.Debug|x64.Build.0 = Debug|x64
		{791D156A-675F-4B82-8642-311EB2B2FACC}.Debug|x86.ActiveCfg = Debug|Win32
		{791D156A-675F-4B82-8642-311EB2B2FACC}.Debug|x86.Build.0 = Debug|Win32
		{791D156A-675F-4B82-8642-311EB2B2FACC}.Release|x64.ActiveCfg = Release|x64
		{791D156A-675F-4B82-8642-311EB2B2FACC}.Release|x64.Build.0 = Release|x64
		{791D156A-675F-4B82-8642-311EB2B2FACC}.Release|x86.ActiveCfg = Release|Win32
		{791D156A-675F-4B82-8642-311EB2B2FACC}.Release|x86.Build.0 = Release|Win32
	EndGlobalSection
	GlobalSection(SolutionProperties) = preSolution
		HideSolutionNode = FALSE
	EndGlobalSection
	GlobalSection(ExtensibilityGlobals) = postSolution
		SolutionGuid = {D293DCEA-C28D-4BBE-9EA7-79A3957CD1A5}
	EndGlobalSection
EndGlobal
